
Microsoft Visual Studio Solution File, Format Version 12.00
# Visual Studio Version 16
VisualStudioVersion = 16.0.30804.86
MinimumVisualStudioVersion = 10.0.40219.1
Project("{FAE04EC0-301F-11D3-BF4B-00C04F79EFBC}") = "StockWebScraper", "StockWebScraper\StockWebScraper.csproj", "{8D5A7A7C-CC04-4E16-9D4E-94D000BCA160}"
EndProject
Global
	GlobalSection(SolutionConfigurationPlatforms) = preSolution
		Debug|Any CPU = Debug|Any CPU
		Release|Any CPU = Release|Any CPU
	EndGlobalSection
	GlobalSection(ProjectConfigurationPlatforms) = postSolution
		{8D5A7A7C-CC04-4E16-9D4E-94D000BCA160}.Debug|Any CPU.ActiveCfg = Debug|Any CPU
		{8D5A7A7C-CC04-4E16-9D4E-94D000BCA160}.Debug|Any CPU.Build.0 = Debug|Any CPU
		{8D5A7A7C-CC04-4E16-9D4E-94D000BCA160}.Release|Any CPU.ActiveCfg = Release|Any CPU
		{8D5A7A7C-CC04-4E16-9D4E-94D000BCA160}.Release|Any CPU.Build.0 = Release|Any CPU
	EndGlobalSection
	GlobalSection(SolutionProperties) = preSolution
		HideSolutionNode = FALSE
	EndGlobalSection
	GlobalSection(ExtensibilityGlobals) = postSolution
		SolutionGuid = {8FD4DC0B-516E-4AD7-AE6E-8B8E7CE78284}
	EndGlobalSection
EndGlobal
